
Microsoft Visual Studio Solution File, Format Version 12.00
# Visual Studio Version 17
VisualStudioVersion = 17.3.32929.385
MinimumVisualStudioVersion = 10.0.40219.1
Project("{FAE04EC0-301F-11D3-BF4B-00C04F79EFBC}") = "Assignmnet 2", "Assignmnet 2\Assignmnet 2.csproj", "{D8DC9145-E6B8-4F89-ACAE-FBD51B7B34AF}"
EndProject
Project("{FAE04EC0-301F-11D3-BF4B-00C04F79EFBC}") = "Read_Text_File", "Students\Read_Text_File.csproj", "{2F264F6C-68B5-422D-A46E-EEB2798E0C75}"
EndProject
Project("{FAE04EC0-301F-11D3-BF4B-00C04F79EFBC}") = "Generics", "Generics\Generics.csproj", "{AAAD667E-F34F-43B0-8908-09A6CF63838F}"
EndProject
Global
	GlobalSection(SolutionConfigurationPlatforms) = preSolution
		Debug|Any CPU = Debug|Any CPU
		Release|Any CPU = Release|Any CPU
	EndGlobalSection
	GlobalSection(ProjectConfigurationPlatforms) = postSolution
		{D8DC9145-E6B8-4F89-ACAE-FBD51B7B34AF}.Debug|Any CPU.ActiveCfg = Debug|Any CPU
		{D8DC9145-E6B8-4F89-ACAE-FBD51B7B34AF}.Debug|Any CPU.Build.0 = Debug|Any CPU
		{D8DC9145-E6B8-4F89-ACAE-FBD51B7B34AF}.Release|Any CPU.ActiveCfg = Release|Any CPU
		{D8DC9145-E6B8-4F89-ACAE-FBD51B7B34AF}.Release|Any CPU.Build.0 = Release|Any CPU
		{2F264F6C-68B5-422D-A46E-EEB2798E0C75}.Debug|Any CPU.ActiveCfg = Debug|Any CPU
		{2F264F6C-68B5-422D-A46E-EEB2798E0C75}.Debug|Any CPU.Build.0 = Debug|Any CPU
		{2F264F6C-68B5-422D-A46E-EEB2798E0C75}.Release|Any CPU.ActiveCfg = Release|Any CPU
		{2F264F6C-68B5-422D-A46E-EEB2798E0C75}.Release|Any CPU.Build.0 = Release|Any CPU
		{AAAD667E-F34F-43B0-8908-09A6CF63838F}.Debug|Any CPU.ActiveCfg = Debug|Any CPU
		{AAAD667E-F34F-43B0-8908-09A6CF63838F}.Debug|Any CPU.Build.0 = Debug|Any CPU
		{AAAD667E-F34F-43B0-8908-09A6CF63838F}.Release|Any CPU.ActiveCfg = Release|Any CPU
		{AAAD667E-F34F-43B0-8908-09A6CF63838F}.Release|Any CPU.Build.0 = Release|Any CPU
	EndGlobalSection
	GlobalSection(SolutionProperties) = preSolution
		HideSolutionNode = FALSE
	EndGlobalSection
	GlobalSection(ExtensibilityGlobals) = postSolution
		SolutionGuid = {760B7B7A-7DB9-409E-96B5-5D6E3FBBC850}
	EndGlobalSection
EndGlobal
