
Microsoft Visual Studio Solution File, Format Version 12.00
# Visual Studio Version 17
VisualStudioVersion = 17.3.32929.385
MinimumVisualStudioVersion = 10.0.40219.1
Project("{FAE04EC0-301F-11D3-BF4B-00C04F79EFBC}") = "Null_Exception_Example", "Null_Exception_Example\Null_Exception_Example.csproj", "{D71A4062-B3AE-4879-A267-0447B1EDC371}"
EndProject
Global
	GlobalSection(SolutionConfigurationPlatforms) = preSolution
		Debug|Any CPU = Debug|Any CPU
		Release|Any CPU = Release|Any CPU
	EndGlobalSection
	GlobalSection(ProjectConfigurationPlatforms) = postSolution
		{D71A4062-B3AE-4879-A267-0447B1EDC371}.Debug|Any CPU.ActiveCfg = Debug|Any CPU
		{D71A4062-B3AE-4879-A267-0447B1EDC371}.Debug|Any CPU.Build.0 = Debug|Any CPU
		{D71A4062-B3AE-4879-A267-0447B1EDC371}.Release|Any CPU.ActiveCfg = Release|Any CPU
		{D71A4062-B3AE-4879-A267-0447B1EDC371}.Release|Any CPU.Build.0 = Release|Any CPU
	EndGlobalSection
	GlobalSection(SolutionProperties) = preSolution
		HideSolutionNode = FALSE
	EndGlobalSection
	GlobalSection(ExtensibilityGlobals) = postSolution
		SolutionGuid = {252B20B9-9BE4-40DD-8470-D3576131F45D}
	EndGlobalSection
EndGlobal
